// !$*UTF8*$!
{
	archiveVersion = 1;
	classes = {
	};
	objectVersion = 50;
	objects = {

/* Begin PBXBuildFile section */
		F22C34EB2241FDF800CB6396 /* RegisterViewController.swift in Sources */ = {isa = PBXBuildFile; fileRef = F22C34EA2241FDF800CB6396 /* RegisterViewController.swift */; };
		F2612D662240E8F0008F6615 /* AppDelegate.swift in Sources */ = {isa = PBXBuildFile; fileRef = F2612D652240E8F0008F6615 /* AppDelegate.swift */; };
		F2612D682240E8F0008F6615 /* ViewController.swift in Sources */ = {isa = PBXBuildFile; fileRef = F2612D672240E8F0008F6615 /* ViewController.swift */; };
		F2612D6B2240E8F0008F6615 /* Main.storyboard in Resources */ = {isa = PBXBuildFile; fileRef = F2612D692240E8F0008F6615 /* Main.storyboard */; };
		F2612D6D2240E8F1008F6615 /* Assets.xcassets in Resources */ = {isa = PBXBuildFile; fileRef = F2612D6C2240E8F1008F6615 /* Assets.xcassets */; };
		F2612D702240E8F1008F6615 /* LaunchScreen.storyboard in Resources */ = {isa = PBXBuildFile; fileRef = F2612D6E2240E8F1008F6615 /* LaunchScreen.storyboard */; };
/* End PBXBuildFile section */

/* Begin PBXFileReference section */
		F22C34EA2241FDF800CB6396 /* RegisterViewController.swift */ = {isa = PBXFileReference; lastKnownFileType = sourcecode.swift; path = RegisterViewController.swift; sourceTree = "<group>"; };
		F2612D622240E8F0008F6615 /* AuthevSNRU.app */ = {isa = PBXFileReference; explicitFileType = wrapper.application; includeInIndex = 0; path = AuthevSNRU.app; sourceTree = BUILT_PRODUCTS_DIR; };
		F2612D652240E8F0008F6615 /* AppDelegate.swift */ = {isa = PBXFileReference; lastKnownFileType = sourcecode.swift; path = AppDelegate.swift; sourceTree = "<group>"; };
		F2612D672240E8F0008F6615 /* ViewController.swift */ = {isa = PBXFileReference; lastKnownFileType = sourcecode.swift; path = ViewController.swift; sourceTree = "<group>"; };
		F2612D6A2240E8F0008F6615 /* Base */ = {isa = PBXFileReference; lastKnownFileType = file.storyboard; name = Base; path = Base.lproj/Main.storyboard; sourceTree = "<group>"; };
		F2612D6C2240E8F1008F6615 /* Assets.xcassets */ = {isa = PBXFileReference; lastKnownFileType = folder.assetcatalog; path = Assets.xcassets; sourceTree = "<group>"; };
		F2612D6F2240E8F1008F6615 /* Base */ = {isa = PBXFileReference; lastKnownFileType = file.storyboard; name = Base; path = Base.lproj/LaunchScreen.storyboard; sourceTree = "<group>"; };
		F2612D712240E8F1008F6615 /* Info.plist */ = {isa = PBXFileReference; lastKnownFileType = text.plist.xml; path = Info.plist; sourceTree = "<group>"; };
/* End PBXFileReference section */

/* Begin PBXFrameworksBuildPhase section */
		F2612D5F2240E8F0008F6615 /* Frameworks */ = {
			isa = PBXFrameworksBuildPhase;
			buildActionMask = 2147483647;
			files = (
			);
			runOnlyForDeploymentPostprocessing = 0;
		};
/* End PBXFrameworksBuildPhase section */

/* Begin PBXGroup section */
		F2612D592240E8F0008F6615 = {
			isa = PBXGroup;
			children = (
				F2612D642240E8F0008F6615 /* AuthevSNRU */,
				F2612D632240E8F0008F6615 /* Products */,
			);
			sourceTree = "<group>";
		};
		F2612D632240E8F0008F6615 /* Products */ = {
			isa = PBXGroup;
			children = (
				F2612D622240E8F0008F6615 /* AuthevSNRU.app */,
			);
			name = Products;
			sourceTree = "<group>";
		};
		F2612D642240E8F0008F6615 /* AuthevSNRU */ = {
			isa = PBXGroup;
			children = (
				F2612D652240E8F0008F6615 /* AppDelegate.swift */,
				F2612D672240E8F0008F6615 /* ViewController.swift */,
				F22C34EA2241FDF800CB6396 /* RegisterViewController.swift */,
				F2612D692240E8F0008F6615 /* Main.storyboard */,
				F2612D6C2240E8F1008F6615 /* Assets.xcassets */,
				F2612D6E2240E8F1008F6615 /* LaunchScreen.storyboard */,
				F2612D712240E8F1008F6615 /* Info.plist */,
			);
			path = AuthevSNRU;
			sourceTree = "<group>";
		};
/* End PBXGroup section */

/* Begin PBXNativeTarget section */
		F2612D612240E8F0008F6615 /* AuthevSNRU */ = {
			isa = PBXNativeTarget;
			buildConfigurationList = F2612D742240E8F1008F6615 /* Build configuration list for PBXNativeTarget "AuthevSNRU" */;
			buildPhases = (
				F2612D5E2240E8F0008F6615 /* Sources */,
				F2612D5F2240E8F0008F6615 /* Frameworks */,
				F2612D602240E8F0008F6615 /* Resources */,
			);
			buildRules = (
			);
			dependencies = (
			);
			name = AuthevSNRU;
			productName = AuthevSNRU;
			productReference = F2612D622240E8F0008F6615 /* AuthevSNRU.app */;
			productType = "com.apple.product-type.application";
		};
/* End PBXNativeTarget section */

/* Begin PBXProject section */
		F2612D5A2240E8F0008F6615 /* Project object */ = {
			isa = PBXProject;
			attributes = {
				LastSwiftUpdateCheck = 1010;
				LastUpgradeCheck = 1010;
				ORGANIZATIONNAME = passakorn.coke.cake.suriyarach.authsnru;
				TargetAttributes = {
					F2612D612240E8F0008F6615 = {
						CreatedOnToolsVersion = 10.1;
					};
				};
			};
			buildConfigurationList = F2612D5D2240E8F0008F6615 /* Build configuration list for PBXProject "AuthevSNRU" */;
			compatibilityVersion = "Xcode 9.3";
			developmentRegion = en;
			hasScannedForEncodings = 0;
			knownRegions = (
				en,
				Base,
			);
			mainGroup = F2612D592240E8F0008F6615;
			productRefGroup = F2612D632240E8F0008F6615 /* Products */;
			projectDirPath = "";
			projectRoot = "";
			targets = (
				F2612D612240E8F0008F6615 /* AuthevSNRU */,
			);
		};
/* End PBXProject section */

/* Begin PBXResourcesBuildPhase section */
		F2612D602240E8F0008F6615 /* Resources */ = {
			isa = PBXResourcesBuildPhase;
			buildActionMask = 2147483647;
			files = (
				F2612D702240E8F1008F6615 /* LaunchScreen.storyboard in Resources */,
				F2612D6D2240E8F1008F6615 /* Assets.xcassets in Resources */,
				F2612D6B2240E8F0008F6615 /* Main.storyboard in Resources */,
			);
			runOnlyForDeploymentPostprocessing = 0;
		};
/* End PBXResourcesBuildPhase section */

/* Begin PBXSourcesBuildPhase section */
		F2612D5E2240E8F0008F6615 /* Sources */ = {
			isa = PBXSourcesBuildPhase;
			buildActionMask = 2147483647;
			files = (
				F22C34EB2241FDF800CB6396 /* RegisterViewController.swift in Sources */,
				F2612D682240E8F0008F6615 /* ViewController.swift in Sources */,
				F2612D662240E8F0008F6615 /* AppDelegate.swift in Sources */,
			);
			runOnlyForDeploymentPostprocessing = 0;
		};
/* End PBXSourcesBuildPhase section */

/* Begin PBXVariantGroup section */
		F2612D692240E8F0008F6615 /* Main.storyboard */ = {
			isa = PBXVariantGroup;
			children = (
				F2612D6A2240E8F0008F6615 /* Base */,
			);
			name = Main.storyboard;
			sourceTree = "<group>";
		};
		F2612D6E2240E8F1008F6615 /* LaunchScreen.storyboard */ = {
			isa = PBXVariantGroup;
			children = (
				F2612D6F2240E8F1008F6615 /* Base */,
			);
			name = LaunchScreen.storyboard;
			sourceTree = "<group>";
		};
/* End PBXVariantGroup section */

/* Begin XCBuildConfiguration section */
		F2612D722240E8F1008F6615 /* Debug */ = {
			isa = XCBuildConfiguration;
			buildSettings = {
				ALWAYS_SEARCH_USER_PATHS = NO;
				CLANG_ANALYZER_NONNULL = YES;
				CLANG_ANALYZER_NUMBER_OBJECT_CONVERSION = YES_AGGRESSIVE;
				CLANG_CXX_LANGUAGE_STANDARD = "gnu++14";
				CLANG_CXX_LIBRARY = "libc++";
				CLANG_ENABLE_MODULES = YES;
				CLANG_ENABLE_OBJC_ARC = YES;
				CLANG_ENABLE_OBJC_WEAK = YES;
				CLANG_WARN_BLOCK_CAPTURE_AUTORELEASING = YES;
				CLANG_WARN_BOOL_CONVERSION = YES;
				CLANG_WARN_COMMA = YES;
				CLANG_WARN_CONSTANT_CONVERSION = YES;
				CLANG_WARN_DEPRECATED_OBJC_IMPLEMENTATIONS = YES;
				CLANG_WARN_DIRECT_OBJC_ISA_USAGE = YES_ERROR;
				CLANG_WARN_DOCUMENTATION_COMMENTS = YES;
				CLANG_WARN_EMPTY_BODY = YES;
				CLANG_WARN_ENUM_CONVERSION = YES;
				CLANG_WARN_INFINITE_RECURSION = YES;
				CLANG_WARN_INT_CONVERSION = YES;
				CLANG_WARN_NON_LITERAL_NULL_CONVERSION = YES;
				CLANG_WARN_OBJC_IMPLICIT_RETAIN_SELF = YES;
				CLANG_WARN_OBJC_LITERAL_CONVERSION = YES;
				CLANG_WARN_OBJC_ROOT_CLASS = YES_ERROR;
				CLANG_WARN_RANGE_LOOP_ANALYSIS = YES;
				CLANG_WARN_STRICT_PROTOTYPES = YES;
				CLANG_WARN_SUSPICIOUS_MOVE = YES;
				CLANG_WARN_UNGUARDED_AVAILABILITY = YES_AGGRESSIVE;
				CLANG_WARN_UNREACHABLE_CODE = YES;
				CLANG_WARN__DUPLICATE_METHOD_MATCH = YES;
				CODE_SIGN_IDENTITY = "iPhone Developer";
				COPY_PHASE_STRIP = NO;
				DEBUG_INFORMATION_FORMAT = dwarf;
				ENABLE_STRICT_OBJC_MSGSEND = YES;
				ENABLE_TESTABILITY = YES;
				GCC_C_LANGUAGE_STANDARD = gnu11;
				GCC_DYNAMIC_NO_PIC = NO;
				GCC_NO_COMMON_BLOCKS = YES;
				GCC_OPTIMIZATION_LEVEL = 0;
				GCC_PREPROCESSOR_DEFINITIONS = (
					"DEBUG=1",
					"$(inherited)",
				);
				GCC_WARN_64_TO_32_BIT_CONVERSION = YES;
				GCC_WARN_ABOUT_RETURN_TYPE = YES_ERROR;
				GCC_WARN_UNDECLARED_SELECTOR = YES;
				GCC_WARN_UNINITIALIZED_AUTOS = YES_AGGRESSIVE;
				GCC_WARN_UNUSED_FUNCTION = YES;
				GCC_WARN_UNUSED_VARIABLE = YES;
				IPHONEOS_DEPLOYMENT_TARGET = 12.1;
				MTL_ENABLE_DEBUG_INFO = INCLUDE_SOURCE;
				MTL_FAST_MATH = YES;
				ONLY_ACTIVE_ARCH = YES;
				SDKROOT = iphoneos;
				SWIFT_ACTIVE_COMPILATION_CONDITIONS = DEBUG;
				SWIFT_OPTIMIZATION_LEVEL = "-Onone";
			};
			name = Debug;
		};
		F2612D732240E8F1008F6615 /* Release */ = {
			isa = XCBuildConfiguration;
			buildSettings = {
				ALWAYS_SEARCH_USER_PATHS = NO;
				CLANG_ANALYZER_NONNULL = YES;
				CLANG_ANALYZER_NUMBER_OBJECT_CONVERSION = YES_AGGRESSIVE;
				CLANG_CXX_LANGUAGE_STANDARD = "gnu++14";
				CLANG_CXX_LIBRARY = "libc++";
				CLANG_ENABLE_MODULES = YES;
				CLANG_ENABLE_OBJC_ARC = YES;
				CLANG_ENABLE_OBJC_WEAK = YES;
				CLANG_WARN_BLOCK_CAPTURE_AUTORELEASING = YES;
				CLANG_WARN_BOOL_CONVERSION = YES;
				CLANG_WARN_COMMA = YES;
				CLANG_WARN_CONSTANT_CONVERSION = YES;
				CLANG_WARN_DEPRECATED_OBJC_IMPLEMENTATIONS = YES;
				CLANG_WARN_DIRECT_OBJC_ISA_USAGE = YES_ERROR;
				CLANG_WARN_DOCUMENTATION_COMMENTS = YES;
				CLANG_WARN_EMPTY_BODY = YES;
				CLANG_WARN_ENUM_CONVERSION = YES;
				CLANG_WARN_INFINITE_RECURSION = YES;
				CLANG_WARN_INT_CONVERSION = YES;
				CLANG_WARN_NON_LITERAL_NULL_CONVERSION = YES;
				CLANG_WARN_OBJC_IMPLICIT_RETAIN_SELF = YES;
				CLANG_WARN_OBJC_LITERAL_CONVERSION = YES;
				CLANG_WARN_OBJC_ROOT_CLASS = YES_ERROR;
				CLANG_WARN_RANGE_LOOP_ANALYSIS = YES;
				CLANG_WARN_STRICT_PROTOTYPES = YES;
				CLANG_WARN_SUSPICIOUS_MOVE = YES;
				CLANG_WARN_UNGUARDED_AVAILABILITY = YES_AGGRESSIVE;
				CLANG_WARN_UNREACHABLE_CODE = YES;
				CLANG_WARN__DUPLICATE_METHOD_MATCH = YES;
				CODE_SIGN_IDENTITY = "iPhone Developer";
				COPY_PHASE_STRIP = NO;
				DEBUG_INFORMATION_FORMAT = "dwarf-with-dsym";
				ENABLE_NS_ASSERTIONS = NO;
				ENABLE_STRICT_OBJC_MSGSEND = YES;
				GCC_C_LANGUAGE_STANDARD = gnu11;
				GCC_NO_COMMON_BLOCKS = YES;
				GCC_WARN_64_TO_32_BIT_CONVERSION = YES;
				GCC_WARN_ABOUT_RETURN_TYPE = YES_ERROR;
				GCC_WARN_UNDECLARED_SELECTOR = YES;
				GCC_WARN_UNINITIALIZED_AUTOS = YES_AGGRESSIVE;
				GCC_WARN_UNUSED_FUNCTION = YES;
				GCC_WARN_UNUSED_VARIABLE = YES;
				IPHONEOS_DEPLOYMENT_TARGET = 12.1;
				MTL_ENABLE_DEBUG_INFO = NO;
				MTL_FAST_MATH = YES;
				SDKROOT = iphoneos;
				SWIFT_COMPILATION_MODE = wholemodule;
				SWIFT_OPTIMIZATION_LEVEL = "-O";
				VALIDATE_PRODUCT = YES;
			};
			name = Release;
		};
		F2612D752240E8F1008F6615 /* Debug */ = {
			isa = XCBuildConfiguration;
			buildSettings = {
				ASSETCATALOG_COMPILER_APPICON_NAME = AppIcon;
				CODE_SIGN_STYLE = Automatic;
				INFOPLIST_FILE = AuthevSNRU/Info.plist;
				LD_RUNPATH_SEARCH_PATHS = (
					"$(inherited)",
					"@executable_path/Frameworks",
				);
				PRODUCT_BUNDLE_IDENTIFIER = dss.AuthevSNRU;
				PRODUCT_NAME = "$(TARGET_NAME)";
				SWIFT_VERSION = 4.2;
				TARGETED_DEVICE_FAMILY = "1,2";
			};
			name = Debug;
		};
		F2612D762240E8F1008F6615 /* Release */ = {
			isa = XCBuildConfiguration;
			buildSettings = {
				ASSETCATALOG_COMPILER_APPICON_NAME = AppIcon;
				CODE_SIGN_STYLE = Automatic;
				INFOPLIST_FILE = AuthevSNRU/Info.plist;
				LD_RUNPATH_SEARCH_PATHS = (
					"$(inherited)",
					"@executable_path/Frameworks",
				);
				PRODUCT_BUNDLE_IDENTIFIER = dss.AuthevSNRU;
				PRODUCT_NAME = "$(TARGET_NAME)";
				SWIFT_VERSION = 4.2;
				TARGETED_DEVICE_FAMILY = "1,2";
			};
			name = Release;
		};
/* End XCBuildConfiguration section */

/* Begin XCConfigurationList section */
		F2612D5D2240E8F0008F6615 /* Build configuration list for PBXProject "AuthevSNRU" */ = {
			isa = XCConfigurationList;
			buildConfigurations = (
				F2612D722240E8F1008F6615 /* Debug */,
				F2612D732240E8F1008F6615 /* Release */,
			);
			defaultConfigurationIsVisible = 0;
			defaultConfigurationName = Release;
		};
		F2612D742240E8F1008F6615 /* Build configuration list for PBXNativeTarget "AuthevSNRU" */ = {
			isa = XCConfigurationList;
			buildConfigurations = (
				F2612D752240E8F1008F6615 /* Debug */,
				F2612D762240E8F1008F6615 /* Release */,
			);
			defaultConfigurationIsVisible = 0;
			defaultConfigurationName = Release;
		};
/* End XCConfigurationList section */
	};
	rootObject = F2612D5A2240E8F0008F6615 /* Project object */;
}
